// !$*UTF8*$!
{
	archiveVersion = 1;
	classes = {
	};
	objectVersion = 50;
	objects = {

/* Begin PBXBuildFile section */
		CC182967212D8BCA006802EA /* AppDelegate.swift in Sources */ = {isa = PBXBuildFile; fileRef = CC182966212D8BCA006802EA /* AppDelegate.swift */; };
		CC18296C212D8BCA006802EA /* Main.storyboard in Resources */ = {isa = PBXBuildFile; fileRef = CC18296A212D8BCA006802EA /* Main.storyboard */; };
		CC18296F212D8BCA006802EA /* GIFSearch.xcdatamodeld in Sources */ = {isa = PBXBuildFile; fileRef = CC18296D212D8BCA006802EA /* GIFSearch.xcdatamodeld */; };
		CC182971212D8BCB006802EA /* Assets.xcassets in Resources */ = {isa = PBXBuildFile; fileRef = CC182970212D8BCB006802EA /* Assets.xcassets */; };
		CC182974212D8BCB006802EA /* LaunchScreen.storyboard in Resources */ = {isa = PBXBuildFile; fileRef = CC182972212D8BCB006802EA /* LaunchScreen.storyboard */; };
		CC18297F212D8BCB006802EA /* GIFSearchTests.swift in Sources */ = {isa = PBXBuildFile; fileRef = CC18297E212D8BCB006802EA /* GIFSearchTests.swift */; };
		CC18298A212D8C10006802EA /* ParseJSON.swift in Sources */ = {isa = PBXBuildFile; fileRef = CC182989212D8C10006802EA /* ParseJSON.swift */; };
		F90688D821368A0100789117 /* DetailViewController.swift in Sources */ = {isa = PBXBuildFile; fileRef = F90688D721368A0100789117 /* DetailViewController.swift */; };
		F90688DC213751F900789117 /* SFileManager.swift in Sources */ = {isa = PBXBuildFile; fileRef = F90688DB213751F900789117 /* SFileManager.swift */; };
		F907CE3D2137DD5500020291 /* SaveTableViewController.swift in Sources */ = {isa = PBXBuildFile; fileRef = F907CE3C2137DD5500020291 /* SaveTableViewController.swift */; };
		F907CE402137DE6100020291 /* Gifs+CoreDataClass.swift in Sources */ = {isa = PBXBuildFile; fileRef = F907CE3E2137DE6100020291 /* Gifs+CoreDataClass.swift */; };
		F907CE412137DE6100020291 /* Gifs+CoreDataProperties.swift in Sources */ = {isa = PBXBuildFile; fileRef = F907CE3F2137DE6100020291 /* Gifs+CoreDataProperties.swift */; };
		F907CE472138250C00020291 /* SaveCollectionViewController.swift in Sources */ = {isa = PBXBuildFile; fileRef = F907CE462138250C00020291 /* SaveCollectionViewController.swift */; };
		F907CE49213825C800020291 /* SaveCollectionViewCell.swift in Sources */ = {isa = PBXBuildFile; fileRef = F907CE48213825C800020291 /* SaveCollectionViewCell.swift */; };
		F907CE4D21382E0800020291 /* DownLoadManager.m in Sources */ = {isa = PBXBuildFile; fileRef = F907CE4C21382E0800020291 /* DownLoadManager.m */; };
		F90A42F72134B1AA00D8FDE4 /* SearchCollectionViewController.swift in Sources */ = {isa = PBXBuildFile; fileRef = F90A42F62134B1AA00D8FDE4 /* SearchCollectionViewController.swift */; };
		F911CF7821353F96004DD37A /* SearchCollectionViewCell.swift in Sources */ = {isa = PBXBuildFile; fileRef = F911CF7721353F96004DD37A /* SearchCollectionViewCell.swift */; };
		F96A34D3212EBB9C00F2B60F /* Model.swift in Sources */ = {isa = PBXBuildFile; fileRef = F96A34D2212EBB9C00F2B60F /* Model.swift */; };
		F96A34D5212EC63B00F2B60F /* ViewModel.swift in Sources */ = {isa = PBXBuildFile; fileRef = F96A34D4212EC63B00F2B60F /* ViewModel.swift */; };
		F96A34D7212ECED000F2B60F /* MainScreanViewController.swift in Sources */ = {isa = PBXBuildFile; fileRef = F96A34D6212ECED000F2B60F /* MainScreanViewController.swift */; };
		F96A34D9212EF45B00F2B60F /* MainCollectionViewCell.swift in Sources */ = {isa = PBXBuildFile; fileRef = F96A34D8212EF45B00F2B60F /* MainCollectionViewCell.swift */; };
		F96A34DB212F007100F2B60F /* PlayGif.swift in Sources */ = {isa = PBXBuildFile; fileRef = F96A34DA212F007100F2B60F /* PlayGif.swift */; };
/* End PBXBuildFile section */

/* Begin PBXContainerItemProxy section */
		CC18297B212D8BCB006802EA /* PBXContainerItemProxy */ = {
			isa = PBXContainerItemProxy;
			containerPortal = CC18295B212D8BCA006802EA /* Project object */;
			proxyType = 1;
			remoteGlobalIDString = CC182962212D8BCA006802EA;
			remoteInfo = GIFSearch;
		};
/* End PBXContainerItemProxy section */

/* Begin PBXFileReference section */
		CC182963212D8BCA006802EA /* GIFSearch.app */ = {isa = PBXFileReference; explicitFileType = wrapper.application; includeInIndex = 0; path = GIFSearch.app; sourceTree = BUILT_PRODUCTS_DIR; };
		CC182966212D8BCA006802EA /* AppDelegate.swift */ = {isa = PBXFileReference; lastKnownFileType = sourcecode.swift; path = AppDelegate.swift; sourceTree = "<group>"; };
		CC18296B212D8BCA006802EA /* Base */ = {isa = PBXFileReference; lastKnownFileType = file.storyboard; name = Base; path = Base.lproj/Main.storyboard; sourceTree = "<group>"; };
		CC18296E212D8BCA006802EA /* GIFSearch.xcdatamodel */ = {isa = PBXFileReference; lastKnownFileType = wrapper.xcdatamodel; path = GIFSearch.xcdatamodel; sourceTree = "<group>"; };
		CC182970212D8BCB006802EA /* Assets.xcassets */ = {isa = PBXFileReference; lastKnownFileType = folder.assetcatalog; path = Assets.xcassets; sourceTree = "<group>"; };
		CC182973212D8BCB006802EA /* Base */ = {isa = PBXFileReference; lastKnownFileType = file.storyboard; name = Base; path = Base.lproj/LaunchScreen.storyboard; sourceTree = "<group>"; };
		CC182975212D8BCB006802EA /* Info.plist */ = {isa = PBXFileReference; lastKnownFileType = text.plist.xml; path = Info.plist; sourceTree = "<group>"; };
		CC18297A212D8BCB006802EA /* GIFSearchTests.xctest */ = {isa = PBXFileReference; explicitFileType = wrapper.cfbundle; includeInIndex = 0; path = GIFSearchTests.xctest; sourceTree = BUILT_PRODUCTS_DIR; };
		CC18297E212D8BCB006802EA /* GIFSearchTests.swift */ = {isa = PBXFileReference; lastKnownFileType = sourcecode.swift; path = GIFSearchTests.swift; sourceTree = "<group>"; };
		CC182980212D8BCB006802EA /* Info.plist */ = {isa = PBXFileReference; lastKnownFileType = text.plist.xml; path = Info.plist; sourceTree = "<group>"; };
		CC182989212D8C10006802EA /* ParseJSON.swift */ = {isa = PBXFileReference; lastKnownFileType = sourcecode.swift; path = ParseJSON.swift; sourceTree = "<group>"; };
		F90688D721368A0100789117 /* DetailViewController.swift */ = {isa = PBXFileReference; lastKnownFileType = sourcecode.swift; path = DetailViewController.swift; sourceTree = "<group>"; };
		F90688DB213751F900789117 /* SFileManager.swift */ = {isa = PBXFileReference; lastKnownFileType = sourcecode.swift; path = SFileManager.swift; sourceTree = "<group>"; };
		F907CE3C2137DD5500020291 /* SaveTableViewController.swift */ = {isa = PBXFileReference; lastKnownFileType = sourcecode.swift; path = SaveTableViewController.swift; sourceTree = "<group>"; };
		F907CE3E2137DE6100020291 /* Gifs+CoreDataClass.swift */ = {isa = PBXFileReference; lastKnownFileType = sourcecode.swift; path = "Gifs+CoreDataClass.swift"; sourceTree = "<group>"; };
		F907CE3F2137DE6100020291 /* Gifs+CoreDataProperties.swift */ = {isa = PBXFileReference; lastKnownFileType = sourcecode.swift; path = "Gifs+CoreDataProperties.swift"; sourceTree = "<group>"; };
		F907CE462138250C00020291 /* SaveCollectionViewController.swift */ = {isa = PBXFileReference; lastKnownFileType = sourcecode.swift; path = SaveCollectionViewController.swift; sourceTree = "<group>"; };
		F907CE48213825C800020291 /* SaveCollectionViewCell.swift */ = {isa = PBXFileReference; lastKnownFileType = sourcecode.swift; path = SaveCollectionViewCell.swift; sourceTree = "<group>"; };
		F907CE4A21382E0800020291 /* GIFSearch-Bridging-Header.h */ = {isa = PBXFileReference; lastKnownFileType = sourcecode.c.h; path = "GIFSearch-Bridging-Header.h"; sourceTree = "<group>"; };
		F907CE4B21382E0800020291 /* DownLoadManager.h */ = {isa = PBXFileReference; lastKnownFileType = sourcecode.c.h; path = DownLoadManager.h; sourceTree = "<group>"; };
		F907CE4C21382E0800020291 /* DownLoadManager.m */ = {isa = PBXFileReference; lastKnownFileType = sourcecode.c.objc; path = DownLoadManager.m; sourceTree = "<group>"; };
		F90A42F62134B1AA00D8FDE4 /* SearchCollectionViewController.swift */ = {isa = PBXFileReference; lastKnownFileType = sourcecode.swift; path = SearchCollectionViewController.swift; sourceTree = "<group>"; };
		F911CF7721353F96004DD37A /* SearchCollectionViewCell.swift */ = {isa = PBXFileReference; lastKnownFileType = sourcecode.swift; path = SearchCollectionViewCell.swift; sourceTree = "<group>"; };
		F96A34D2212EBB9C00F2B60F /* Model.swift */ = {isa = PBXFileReference; lastKnownFileType = sourcecode.swift; path = Model.swift; sourceTree = "<group>"; };
		F96A34D4212EC63B00F2B60F /* ViewModel.swift */ = {isa = PBXFileReference; lastKnownFileType = sourcecode.swift; path = ViewModel.swift; sourceTree = "<group>"; };
		F96A34D6212ECED000F2B60F /* MainScreanViewController.swift */ = {isa = PBXFileReference; lastKnownFileType = sourcecode.swift; path = MainScreanViewController.swift; sourceTree = "<group>"; };
		F96A34D8212EF45B00F2B60F /* MainCollectionViewCell.swift */ = {isa = PBXFileReference; lastKnownFileType = sourcecode.swift; path = MainCollectionViewCell.swift; sourceTree = "<group>"; };
		F96A34DA212F007100F2B60F /* PlayGif.swift */ = {isa = PBXFileReference; lastKnownFileType = sourcecode.swift; path = PlayGif.swift; sourceTree = "<group>"; };
/* End PBXFileReference section */

/* Begin PBXFrameworksBuildPhase section */
		CC182960212D8BCA006802EA /* Frameworks */ = {
			isa = PBXFrameworksBuildPhase;
			buildActionMask = 2147483647;
			files = (
			);
			runOnlyForDeploymentPostprocessing = 0;
		};
		CC182977212D8BCB006802EA /* Frameworks */ = {
			isa = PBXFrameworksBuildPhase;
			buildActionMask = 2147483647;
			files = (
			);
			runOnlyForDeploymentPostprocessing = 0;
		};
/* End PBXFrameworksBuildPhase section */

/* Begin PBXGroup section */
		CC18295A212D8BCA006802EA = {
			isa = PBXGroup;
			children = (
				F907CE3E2137DE6100020291 /* Gifs+CoreDataClass.swift */,
				F907CE3F2137DE6100020291 /* Gifs+CoreDataProperties.swift */,
				CC182965212D8BCA006802EA /* GIFSearch */,
				CC18297D212D8BCB006802EA /* GIFSearchTests */,
				CC182964212D8BCA006802EA /* Products */,
			);
			sourceTree = "<group>";
		};
		CC182964212D8BCA006802EA /* Products */ = {
			isa = PBXGroup;
			children = (
				CC182963212D8BCA006802EA /* GIFSearch.app */,
				CC18297A212D8BCB006802EA /* GIFSearchTests.xctest */,
			);
			name = Products;
			sourceTree = "<group>";
		};
		CC182965212D8BCA006802EA /* GIFSearch */ = {
			isa = PBXGroup;
			children = (
				CC182966212D8BCA006802EA /* AppDelegate.swift */,
				F90BD1472139708D0083DA75 /* ParseJSON */,
				F90BD148213970AD0083DA75 /* ViewModel */,
				F90BD145213970040083DA75 /* Controllers */,
				F90BD146213970550083DA75 /* Cells */,
				F90BD14A213970F60083DA75 /* Managers */,
				F90BD14B213971600083DA75 /* PlayGIF */,
				F90BD149213970D50083DA75 /* Model */,
				CC18296A212D8BCA006802EA /* Main.storyboard */,
				CC182970212D8BCB006802EA /* Assets.xcassets */,
				CC182972212D8BCB006802EA /* LaunchScreen.storyboard */,
				CC182975212D8BCB006802EA /* Info.plist */,
				CC18296D212D8BCA006802EA /* GIFSearch.xcdatamodeld */,
				F907CE4A21382E0800020291 /* GIFSearch-Bridging-Header.h */,
			);
			path = GIFSearch;
			sourceTree = "<group>";
		};
		CC18297D212D8BCB006802EA /* GIFSearchTests */ = {
			isa = PBXGroup;
			children = (
				CC18297E212D8BCB006802EA /* GIFSearchTests.swift */,
				CC182980212D8BCB006802EA /* Info.plist */,
			);
			path = GIFSearchTests;
			sourceTree = "<group>";
		};
		F90BD145213970040083DA75 /* Controllers */ = {
			isa = PBXGroup;
			children = (
				F96A34D6212ECED000F2B60F /* MainScreanViewController.swift */,
				F90688D721368A0100789117 /* DetailViewController.swift */,
				F90A42F62134B1AA00D8FDE4 /* SearchCollectionViewController.swift */,
				F907CE3C2137DD5500020291 /* SaveTableViewController.swift */,
				F907CE462138250C00020291 /* SaveCollectionViewController.swift */,
			);
			path = Controllers;
			sourceTree = "<group>";
		};
		F90BD146213970550083DA75 /* Cells */ = {
			isa = PBXGroup;
			children = (
				F96A34D8212EF45B00F2B60F /* MainCollectionViewCell.swift */,
				F911CF7721353F96004DD37A /* SearchCollectionViewCell.swift */,
				F907CE48213825C800020291 /* SaveCollectionViewCell.swift */,
			);
			path = Cells;
			sourceTree = "<group>";
		};
		F90BD1472139708D0083DA75 /* ParseJSON */ = {
			isa = PBXGroup;
			children = (
				CC182989212D8C10006802EA /* ParseJSON.swift */,
			);
			path = ParseJSON;
			sourceTree = "<group>";
		};
		F90BD148213970AD0083DA75 /* ViewModel */ = {
			isa = PBXGroup;
			children = (
				F96A34D4212EC63B00F2B60F /* ViewModel.swift */,
			);
			path = ViewModel;
			sourceTree = "<group>";
		};
		F90BD149213970D50083DA75 /* Model */ = {
			isa = PBXGroup;
			children = (
				F96A34D2212EBB9C00F2B60F /* Model.swift */,
			);
			path = Model;
			sourceTree = "<group>";
		};
		F90BD14A213970F60083DA75 /* Managers */ = {
			isa = PBXGroup;
			children = (
				F90688DB213751F900789117 /* SFileManager.swift */,
				F907CE4B21382E0800020291 /* DownLoadManager.h */,
				F907CE4C21382E0800020291 /* DownLoadManager.m */,
			);
			path = Managers;
			sourceTree = "<group>";
		};
		F90BD14B213971600083DA75 /* PlayGIF */ = {
			isa = PBXGroup;
			children = (
				F96A34DA212F007100F2B60F /* PlayGif.swift */,
			);
			path = PlayGIF;
			sourceTree = "<group>";
		};
/* End PBXGroup section */

/* Begin PBXNativeTarget section */
		CC182962212D8BCA006802EA /* GIFSearch */ = {
			isa = PBXNativeTarget;
			buildConfigurationList = CC182983212D8BCB006802EA /* Build configuration list for PBXNativeTarget "GIFSearch" */;
			buildPhases = (
				CC18295F212D8BCA006802EA /* Sources */,
				CC182960212D8BCA006802EA /* Frameworks */,
				CC182961212D8BCA006802EA /* Resources */,
			);
			buildRules = (
			);
			dependencies = (
			);
			name = GIFSearch;
			productName = GIFSearch;
			productReference = CC182963212D8BCA006802EA /* GIFSearch.app */;
			productType = "com.apple.product-type.application";
		};
		CC182979212D8BCB006802EA /* GIFSearchTests */ = {
			isa = PBXNativeTarget;
			buildConfigurationList = CC182986212D8BCB006802EA /* Build configuration list for PBXNativeTarget "GIFSearchTests" */;
			buildPhases = (
				CC182976212D8BCB006802EA /* Sources */,
				CC182977212D8BCB006802EA /* Frameworks */,
				CC182978212D8BCB006802EA /* Resources */,
			);
			buildRules = (
			);
			dependencies = (
				CC18297C212D8BCB006802EA /* PBXTargetDependency */,
			);
			name = GIFSearchTests;
			productName = GIFSearchTests;
			productReference = CC18297A212D8BCB006802EA /* GIFSearchTests.xctest */;
			productType = "com.apple.product-type.bundle.unit-test";
		};
/* End PBXNativeTarget section */

/* Begin PBXProject section */
		CC18295B212D8BCA006802EA /* Project object */ = {
			isa = PBXProject;
			attributes = {
				LastSwiftUpdateCheck = 0940;
				LastUpgradeCheck = 0940;
				ORGANIZATIONNAME = "Viachaslau Shyla";
				TargetAttributes = {
					CC182962212D8BCA006802EA = {
						CreatedOnToolsVersion = 9.4.1;
						LastSwiftMigration = 0940;
					};
					CC182979212D8BCB006802EA = {
						CreatedOnToolsVersion = 9.4.1;
						TestTargetID = CC182962212D8BCA006802EA;
					};
				};
			};
			buildConfigurationList = CC18295E212D8BCA006802EA /* Build configuration list for PBXProject "GIFSearch" */;
			compatibilityVersion = "Xcode 9.3";
			developmentRegion = en;
			hasScannedForEncodings = 0;
			knownRegions = (
				en,
				Base,
			);
			mainGroup = CC18295A212D8BCA006802EA;
			productRefGroup = CC182964212D8BCA006802EA /* Products */;
			projectDirPath = "";
			projectRoot = "";
			targets = (
				CC182962212D8BCA006802EA /* GIFSearch */,
				CC182979212D8BCB006802EA /* GIFSearchTests */,
			);
		};
/* End PBXProject section */

/* Begin PBXResourcesBuildPhase section */
		CC182961212D8BCA006802EA /* Resources */ = {
			isa = PBXResourcesBuildPhase;
			buildActionMask = 2147483647;
			files = (
				CC182974212D8BCB006802EA /* LaunchScreen.storyboard in Resources */,
				CC182971212D8BCB006802EA /* Assets.xcassets in Resources */,
				CC18296C212D8BCA006802EA /* Main.storyboard in Resources */,
			);
			runOnlyForDeploymentPostprocessing = 0;
		};
		CC182978212D8BCB006802EA /* Resources */ = {
			isa = PBXResourcesBuildPhase;
			buildActionMask = 2147483647;
			files = (
			);
			runOnlyForDeploymentPostprocessing = 0;
		};
/* End PBXResourcesBuildPhase section */

/* Begin PBXSourcesBuildPhase section */
		CC18295F212D8BCA006802EA /* Sources */ = {
			isa = PBXSourcesBuildPhase;
			buildActionMask = 2147483647;
			files = (
				F907CE402137DE6100020291 /* Gifs+CoreDataClass.swift in Sources */,
				F907CE49213825C800020291 /* SaveCollectionViewCell.swift in Sources */,
				F907CE3D2137DD5500020291 /* SaveTableViewController.swift in Sources */,
				F907CE4D21382E0800020291 /* DownLoadManager.m in Sources */,
				F90688D821368A0100789117 /* DetailViewController.swift in Sources */,
				F90A42F72134B1AA00D8FDE4 /* SearchCollectionViewController.swift in Sources */,
				F911CF7821353F96004DD37A /* SearchCollectionViewCell.swift in Sources */,
				F96A34D9212EF45B00F2B60F /* MainCollectionViewCell.swift in Sources */,
				F96A34D7212ECED000F2B60F /* MainScreanViewController.swift in Sources */,
				F96A34DB212F007100F2B60F /* PlayGif.swift in Sources */,
				CC182967212D8BCA006802EA /* AppDelegate.swift in Sources */,
				F96A34D3212EBB9C00F2B60F /* Model.swift in Sources */,
				F907CE472138250C00020291 /* SaveCollectionViewController.swift in Sources */,
				CC18296F212D8BCA006802EA /* GIFSearch.xcdatamodeld in Sources */,
				F90688DC213751F900789117 /* SFileManager.swift in Sources */,
				CC18298A212D8C10006802EA /* ParseJSON.swift in Sources */,
				F96A34D5212EC63B00F2B60F /* ViewModel.swift in Sources */,
				F907CE412137DE6100020291 /* Gifs+CoreDataProperties.swift in Sources */,
			);
			runOnlyForDeploymentPostprocessing = 0;
		};
		CC182976212D8BCB006802EA /* Sources */ = {
			isa = PBXSourcesBuildPhase;
			buildActionMask = 2147483647;
			files = (
				CC18297F212D8BCB006802EA /* GIFSearchTests.swift in Sources */,
			);
			runOnlyForDeploymentPostprocessing = 0;
		};
/* End PBXSourcesBuildPhase section */

/* Begin PBXTargetDependency section */
		CC18297C212D8BCB006802EA /* PBXTargetDependency */ = {
			isa = PBXTargetDependency;
			target = CC182962212D8BCA006802EA /* GIFSearch */;
			targetProxy = CC18297B212D8BCB006802EA /* PBXContainerItemProxy */;
		};
/* End PBXTargetDependency section */

/* Begin PBXVariantGroup section */
		CC18296A212D8BCA006802EA /* Main.storyboard */ = {
			isa = PBXVariantGroup;
			children = (
				CC18296B212D8BCA006802EA /* Base */,
			);
			name = Main.storyboard;
			sourceTree = "<group>";
		};
		CC182972212D8BCB006802EA /* LaunchScreen.storyboard */ = {
			isa = PBXVariantGroup;
			children = (
				CC182973212D8BCB006802EA /* Base */,
			);
			name = LaunchScreen.storyboard;
			sourceTree = "<group>";
		};
/* End PBXVariantGroup section */

/* Begin XCBuildConfiguration section */
		CC182981212D8BCB006802EA /* Debug */ = {
			isa = XCBuildConfiguration;
			buildSettings = {
				ALWAYS_SEARCH_USER_PATHS = NO;
				CLANG_ANALYZER_NONNULL = YES;
				CLANG_ANALYZER_NUMBER_OBJECT_CONVERSION = YES_AGGRESSIVE;
				CLANG_CXX_LANGUAGE_STANDARD = "gnu++14";
				CLANG_CXX_LIBRARY = "libc++";
				CLANG_ENABLE_MODULES = YES;
				CLANG_ENABLE_OBJC_ARC = YES;
				CLANG_ENABLE_OBJC_WEAK = YES;
				CLANG_WARN_BLOCK_CAPTURE_AUTORELEASING = YES;
				CLANG_WARN_BOOL_CONVERSION = YES;
				CLANG_WARN_COMMA = YES;
				CLANG_WARN_CONSTANT_CONVERSION = YES;
				CLANG_WARN_DEPRECATED_OBJC_IMPLEMENTATIONS = YES;
				CLANG_WARN_DIRECT_OBJC_ISA_USAGE = YES_ERROR;
				CLANG_WARN_DOCUMENTATION_COMMENTS = YES;
				CLANG_WARN_EMPTY_BODY = YES;
				CLANG_WARN_ENUM_CONVERSION = YES;
				CLANG_WARN_INFINITE_RECURSION = YES;
				CLANG_WARN_INT_CONVERSION = YES;
				CLANG_WARN_NON_LITERAL_NULL_CONVERSION = YES;
				CLANG_WARN_OBJC_IMPLICIT_RETAIN_SELF = YES;
				CLANG_WARN_OBJC_LITERAL_CONVERSION = YES;
				CLANG_WARN_OBJC_ROOT_CLASS = YES_ERROR;
				CLANG_WARN_RANGE_LOOP_ANALYSIS = YES;
				CLANG_WARN_STRICT_PROTOTYPES = YES;
				CLANG_WARN_SUSPICIOUS_MOVE = YES;
				CLANG_WARN_UNGUARDED_AVAILABILITY = YES_AGGRESSIVE;
				CLANG_WARN_UNREACHABLE_CODE = YES;
				CLANG_WARN__DUPLICATE_METHOD_MATCH = YES;
				CODE_SIGN_IDENTITY = "iPhone Developer";
				COPY_PHASE_STRIP = NO;
				DEBUG_INFORMATION_FORMAT = dwarf;
				ENABLE_STRICT_OBJC_MSGSEND = YES;
				ENABLE_TESTABILITY = YES;
				GCC_C_LANGUAGE_STANDARD = gnu11;
				GCC_DYNAMIC_NO_PIC = NO;
				GCC_NO_COMMON_BLOCKS = YES;
				GCC_OPTIMIZATION_LEVEL = 0;
				GCC_PREPROCESSOR_DEFINITIONS = (
					"DEBUG=1",
					"$(inherited)",
				);
				GCC_WARN_64_TO_32_BIT_CONVERSION = YES;
				GCC_WARN_ABOUT_RETURN_TYPE = YES_ERROR;
				GCC_WARN_UNDECLARED_SELECTOR = YES;
				GCC_WARN_UNINITIALIZED_AUTOS = YES_AGGRESSIVE;
				GCC_WARN_UNUSED_FUNCTION = YES;
				GCC_WARN_UNUSED_VARIABLE = YES;
				IPHONEOS_DEPLOYMENT_TARGET = 11.4;
				MTL_ENABLE_DEBUG_INFO = YES;
				ONLY_ACTIVE_ARCH = YES;
				SDKROOT = iphoneos;
				SWIFT_ACTIVE_COMPILATION_CONDITIONS = DEBUG;
				SWIFT_OPTIMIZATION_LEVEL = "-Onone";
			};
			name = Debug;
		};
		CC182982212D8BCB006802EA /* Release */ = {
			isa = XCBuildConfiguration;
			buildSettings = {
				ALWAYS_SEARCH_USER_PATHS = NO;
				CLANG_ANALYZER_NONNULL = YES;
				CLANG_ANALYZER_NUMBER_OBJECT_CONVERSION = YES_AGGRESSIVE;
				CLANG_CXX_LANGUAGE_STANDARD = "gnu++14";
				CLANG_CXX_LIBRARY = "libc++";
				CLANG_ENABLE_MODULES = YES;
				CLANG_ENABLE_OBJC_ARC = YES;
				CLANG_ENABLE_OBJC_WEAK = YES;
				CLANG_WARN_BLOCK_CAPTURE_AUTORELEASING = YES;
				CLANG_WARN_BOOL_CONVERSION = YES;
				CLANG_WARN_COMMA = YES;
				CLANG_WARN_CONSTANT_CONVERSION = YES;
				CLANG_WARN_DEPRECATED_OBJC_IMPLEMENTATIONS = YES;
				CLANG_WARN_DIRECT_OBJC_ISA_USAGE = YES_ERROR;
				CLANG_WARN_DOCUMENTATION_COMMENTS = YES;
				CLANG_WARN_EMPTY_BODY = YES;
				CLANG_WARN_ENUM_CONVERSION = YES;
				CLANG_WARN_INFINITE_RECURSION = YES;
				CLANG_WARN_INT_CONVERSION = YES;
				CLANG_WARN_NON_LITERAL_NULL_CONVERSION = YES;
				CLANG_WARN_OBJC_IMPLICIT_RETAIN_SELF = YES;
				CLANG_WARN_OBJC_LITERAL_CONVERSION = YES;
				CLANG_WARN_OBJC_ROOT_CLASS = YES_ERROR;
				CLANG_WARN_RANGE_LOOP_ANALYSIS = YES;
				CLANG_WARN_STRICT_PROTOTYPES = YES;
				CLANG_WARN_SUSPICIOUS_MOVE = YES;
				CLANG_WARN_UNGUARDED_AVAILABILITY = YES_AGGRESSIVE;
				CLANG_WARN_UNREACHABLE_CODE = YES;
				CLANG_WARN__DUPLICATE_METHOD_MATCH = YES;
				CODE_SIGN_IDENTITY = "iPhone Developer";
				COPY_PHASE_STRIP = NO;
				DEBUG_INFORMATION_FORMAT = "dwarf-with-dsym";
				ENABLE_NS_ASSERTIONS = NO;
				ENABLE_STRICT_OBJC_MSGSEND = YES;
				GCC_C_LANGUAGE_STANDARD = gnu11;
				GCC_NO_COMMON_BLOCKS = YES;
				GCC_WARN_64_TO_32_BIT_CONVERSION = YES;
				GCC_WARN_ABOUT_RETURN_TYPE = YES_ERROR;
				GCC_WARN_UNDECLARED_SELECTOR = YES;
				GCC_WARN_UNINITIALIZED_AUTOS = YES_AGGRESSIVE;
				GCC_WARN_UNUSED_FUNCTION = YES;
				GCC_WARN_UNUSED_VARIABLE = YES;
				IPHONEOS_DEPLOYMENT_TARGET = 11.4;
				MTL_ENABLE_DEBUG_INFO = NO;
				SDKROOT = iphoneos;
				SWIFT_COMPILATION_MODE = wholemodule;
				SWIFT_OPTIMIZATION_LEVEL = "-O";
				VALIDATE_PRODUCT = YES;
			};
			name = Release;
		};
		CC182984212D8BCB006802EA /* Debug */ = {
			isa = XCBuildConfiguration;
			buildSettings = {
				ASSETCATALOG_COMPILER_APPICON_NAME = AppIcon;
				CLANG_ENABLE_MODULES = YES;
				CODE_SIGN_STYLE = Automatic;
				INFOPLIST_FILE = GIFSearch/Info.plist;
				LD_RUNPATH_SEARCH_PATHS = (
					"$(inherited)",
					"@executable_path/Frameworks",
				);
				PRODUCT_BUNDLE_IDENTIFIER = viachaslauShyla.GIFSearch;
				PRODUCT_NAME = "$(TARGET_NAME)";
				SWIFT_OBJC_BRIDGING_HEADER = "GIFSearch/GIFSearch-Bridging-Header.h";
				SWIFT_OPTIMIZATION_LEVEL = "-Onone";
				SWIFT_VERSION = 4.0;
				TARGETED_DEVICE_FAMILY = "1,2";
			};
			name = Debug;
		};
		CC182985212D8BCB006802EA /* Release */ = {
			isa = XCBuildConfiguration;
			buildSettings = {
				ASSETCATALOG_COMPILER_APPICON_NAME = AppIcon;
				CLANG_ENABLE_MODULES = YES;
				CODE_SIGN_STYLE = Automatic;
				INFOPLIST_FILE = GIFSearch/Info.plist;
				LD_RUNPATH_SEARCH_PATHS = (
					"$(inherited)",
					"@executable_path/Frameworks",
				);
				PRODUCT_BUNDLE_IDENTIFIER = viachaslauShyla.GIFSearch;
				PRODUCT_NAME = "$(TARGET_NAME)";
				SWIFT_OBJC_BRIDGING_HEADER = "GIFSearch/GIFSearch-Bridging-Header.h";
				SWIFT_VERSION = 4.0;
				TARGETED_DEVICE_FAMILY = "1,2";
			};
			name = Release;
		};
		CC182987212D8BCB006802EA /* Debug */ = {
			isa = XCBuildConfiguration;
			buildSettings = {
				ALWAYS_EMBED_SWIFT_STANDARD_LIBRARIES = YES;
				BUNDLE_LOADER = "$(TEST_HOST)";
				CODE_SIGN_STYLE = Automatic;
				INFOPLIST_FILE = GIFSearchTests/Info.plist;
				LD_RUNPATH_SEARCH_PATHS = (
					"$(inherited)",
					"@executable_path/Frameworks",
					"@loader_path/Frameworks",
				);
				PRODUCT_BUNDLE_IDENTIFIER = viachaslauShyla.GIFSearchTests;
				PRODUCT_NAME = "$(TARGET_NAME)";
				SWIFT_VERSION = 4.0;
				TARGETED_DEVICE_FAMILY = "1,2";
				TEST_HOST = "$(BUILT_PRODUCTS_DIR)/GIFSearch.app/GIFSearch";
			};
			name = Debug;
		};
		CC182988212D8BCB006802EA /* Release */ = {
			isa = XCBuildConfiguration;
			buildSettings = {
				ALWAYS_EMBED_SWIFT_STANDARD_LIBRARIES = YES;
				BUNDLE_LOADER = "$(TEST_HOST)";
				CODE_SIGN_STYLE = Automatic;
				INFOPLIST_FILE = GIFSearchTests/Info.plist;
				LD_RUNPATH_SEARCH_PATHS = (
					"$(inherited)",
					"@executable_path/Frameworks",
					"@loader_path/Frameworks",
				);
				PRODUCT_BUNDLE_IDENTIFIER = viachaslauShyla.GIFSearchTests;
				PRODUCT_NAME = "$(TARGET_NAME)";
				SWIFT_VERSION = 4.0;
				TARGETED_DEVICE_FAMILY = "1,2";
				TEST_HOST = "$(BUILT_PRODUCTS_DIR)/GIFSearch.app/GIFSearch";
			};
			name = Release;
		};
/* End XCBuildConfiguration section */

/* Begin XCConfigurationList section */
		CC18295E212D8BCA006802EA /* Build configuration list for PBXProject "GIFSearch" */ = {
			isa = XCConfigurationList;
			buildConfigurations = (
				CC182981212D8BCB006802EA /* Debug */,
				CC182982212D8BCB006802EA /* Release */,
			);
			defaultConfigurationIsVisible = 0;
			defaultConfigurationName = Release;
		};
		CC182983212D8BCB006802EA /* Build configuration list for PBXNativeTarget "GIFSearch" */ = {
			isa = XCConfigurationList;
			buildConfigurations = (
				CC182984212D8BCB006802EA /* Debug */,
				CC182985212D8BCB006802EA /* Release */,
			);
			defaultConfigurationIsVisible = 0;
			defaultConfigurationName = Release;
		};
		CC182986212D8BCB006802EA /* Build configuration list for PBXNativeTarget "GIFSearchTests" */ = {
			isa = XCConfigurationList;
			buildConfigurations = (
				CC182987212D8BCB006802EA /* Debug */,
				CC182988212D8BCB006802EA /* Release */,
			);
			defaultConfigurationIsVisible = 0;
			defaultConfigurationName = Release;
		};
/* End XCConfigurationList section */

/* Begin XCVersionGroup section */
		CC18296D212D8BCA006802EA /* GIFSearch.xcdatamodeld */ = {
			isa = XCVersionGroup;
			children = (
				CC18296E212D8BCA006802EA /* GIFSearch.xcdatamodel */,
			);
			currentVersion = CC18296E212D8BCA006802EA /* GIFSearch.xcdatamodel */;
			path = GIFSearch.xcdatamodeld;
			sourceTree = "<group>";
			versionGroupType = wrapper.xcdatamodel;
		};
/* End XCVersionGroup section */
	};
	rootObject = CC18295B212D8BCA006802EA /* Project object */;
}
